
Microsoft Visual Studio Solution File, Format Version 12.00
# Visual Studio Version 16
VisualStudioVersion = 16.0.31729.503
MinimumVisualStudioVersion = 10.0.40219.1
Project("{FAE04EC0-301F-11D3-BF4B-00C04F79EFBC}") = "kasa poprawiona 2.2", "kasa poprawiona 2.2\kasa poprawiona 2.2.csproj", "{37FAA5E1-CB05-453A-9A0F-6D84D9530489}"
EndProject
Global
	GlobalSection(SolutionConfigurationPlatforms) = preSolution
		Debug|Any CPU = Debug|Any CPU
		Release|Any CPU = Release|Any CPU
	EndGlobalSection
	GlobalSection(ProjectConfigurationPlatforms) = postSolution
		{37FAA5E1-CB05-453A-9A0F-6D84D9530489}.Debug|Any CPU.ActiveCfg = Debug|Any CPU
		{37FAA5E1-CB05-453A-9A0F-6D84D9530489}.Debug|Any CPU.Build.0 = Debug|Any CPU
		{37FAA5E1-CB05-453A-9A0F-6D84D9530489}.Release|Any CPU.ActiveCfg = Release|Any CPU
		{37FAA5E1-CB05-453A-9A0F-6D84D9530489}.Release|Any CPU.Build.0 = Release|Any CPU
	EndGlobalSection
	GlobalSection(SolutionProperties) = preSolution
		HideSolutionNode = FALSE
	EndGlobalSection
	GlobalSection(ExtensibilityGlobals) = postSolution
		SolutionGuid = {F688BFAD-175F-4C90-8DA1-FC58C38E5F4E}
	EndGlobalSection
EndGlobal
